// !$*UTF8*$!
{
	archiveVersion = 1;
	classes = {
	};
	objectVersion = 46;
	objects = {

/* Begin PBXBuildFile section */
		F40E04C01CDF63550092B51E /* AboutViewController.swift in Sources */ = {isa = PBXBuildFile; fileRef = F40E04BF1CDF63550092B51E /* AboutViewController.swift */; };
		F40E04C21CDF72E90092B51E /* iAd.framework in Frameworks */ = {isa = PBXBuildFile; fileRef = F40E04C11CDF72E90092B51E /* iAd.framework */; };
		F40E04C71CDF777C0092B51E /* Localizable.strings in Resources */ = {isa = PBXBuildFile; fileRef = F40E04C91CDF777C0092B51E /* Localizable.strings */; };
		F4AE2EF31CCD2F13001258C1 /* ItemIcon.swift in Sources */ = {isa = PBXBuildFile; fileRef = F4AE2EF21CCD2F13001258C1 /* ItemIcon.swift */; };
		F4AE2EF91CCD535B001258C1 /* Statics.swift in Sources */ = {isa = PBXBuildFile; fileRef = F4AE2EF81CCD535B001258C1 /* Statics.swift */; };
		F4AE2EFB1CCD7FB2001258C1 /* MainCollectionViewCellHeader.swift in Sources */ = {isa = PBXBuildFile; fileRef = F4AE2EFA1CCD7FB2001258C1 /* MainCollectionViewCellHeader.swift */; };
		F4BC228C1CC9BB3900C60C1B /* AppDelegate.swift in Sources */ = {isa = PBXBuildFile; fileRef = F4BC228B1CC9BB3900C60C1B /* AppDelegate.swift */; };
		F4BC22911CC9BB3900C60C1B /* Main.storyboard in Resources */ = {isa = PBXBuildFile; fileRef = F4BC228F1CC9BB3900C60C1B /* Main.storyboard */; };
		F4BC22931CC9BB3900C60C1B /* Assets.xcassets in Resources */ = {isa = PBXBuildFile; fileRef = F4BC22921CC9BB3900C60C1B /* Assets.xcassets */; };
		F4BC22961CC9BB3900C60C1B /* LaunchScreen.storyboard in Resources */ = {isa = PBXBuildFile; fileRef = F4BC22941CC9BB3900C60C1B /* LaunchScreen.storyboard */; };
		F4BC22A21CC9CB5400C60C1B /* MainCollectionViewCell.swift in Sources */ = {isa = PBXBuildFile; fileRef = F4BC22A11CC9CB5400C60C1B /* MainCollectionViewCell.swift */; };
		F4BC22A41CC9CBDC00C60C1B /* MainCollectionViewController.swift in Sources */ = {isa = PBXBuildFile; fileRef = F4BC22A31CC9CBDC00C60C1B /* MainCollectionViewController.swift */; };
		F4BC22A61CC9D08A00C60C1B /* UIDialogBaseView.swift in Sources */ = {isa = PBXBuildFile; fileRef = F4BC22A51CC9D08A00C60C1B /* UIDialogBaseView.swift */; };
		F4BC22A81CC9D85600C60C1B /* UIDialogDetailView.swift in Sources */ = {isa = PBXBuildFile; fileRef = F4BC22A71CC9D85600C60C1B /* UIDialogDetailView.swift */; };
		F4D2995D1CDF98D20053CFCB /* data.wash.json in Resources */ = {isa = PBXBuildFile; fileRef = F4D2995F1CDF98D20053CFCB /* data.wash.json */; };
		F4F7CAD11CCBAEA0000309A1 /* AppExtensions.swift in Sources */ = {isa = PBXBuildFile; fileRef = F4F7CAD01CCBAEA0000309A1 /* AppExtensions.swift */; };
/* End PBXBuildFile section */

/* Begin PBXFileReference section */
		F40E04BF1CDF63550092B51E /* AboutViewController.swift */ = {isa = PBXFileReference; fileEncoding = 4; lastKnownFileType = sourcecode.swift; path = AboutViewController.swift; sourceTree = "<group>"; };
		F40E04C11CDF72E90092B51E /* iAd.framework */ = {isa = PBXFileReference; lastKnownFileType = wrapper.framework; name = iAd.framework; path = System/Library/Frameworks/iAd.framework; sourceTree = SDKROOT; };
		F40E04C31CDF76860092B51E /* ru */ = {isa = PBXFileReference; lastKnownFileType = text.plist.strings; name = ru; path = ru.lproj/Main.strings; sourceTree = "<group>"; };
		F40E04C41CDF76860092B51E /* ru */ = {isa = PBXFileReference; lastKnownFileType = text.plist.strings; name = ru; path = ru.lproj/LaunchScreen.strings; sourceTree = "<group>"; };
		F40E04C81CDF777C0092B51E /* Base */ = {isa = PBXFileReference; lastKnownFileType = text.plist.strings; name = Base; path = Base.lproj/Localizable.strings; sourceTree = "<group>"; };
		F40E04CB1CDF77820092B51E /* ru */ = {isa = PBXFileReference; lastKnownFileType = text.plist.strings; name = ru; path = ru.lproj/Localizable.strings; sourceTree = "<group>"; };
		F4AE2EF21CCD2F13001258C1 /* ItemIcon.swift */ = {isa = PBXFileReference; fileEncoding = 4; lastKnownFileType = sourcecode.swift; path = ItemIcon.swift; sourceTree = "<group>"; };
		F4AE2EF81CCD535B001258C1 /* Statics.swift */ = {isa = PBXFileReference; fileEncoding = 4; lastKnownFileType = sourcecode.swift; path = Statics.swift; sourceTree = "<group>"; };
		F4AE2EFA1CCD7FB2001258C1 /* MainCollectionViewCellHeader.swift */ = {isa = PBXFileReference; fileEncoding = 4; lastKnownFileType = sourcecode.swift; path = MainCollectionViewCellHeader.swift; sourceTree = "<group>"; };
		F4BC22881CC9BB3900C60C1B /* WhatIcon.app */ = {isa = PBXFileReference; explicitFileType = wrapper.application; includeInIndex = 0; path = WhatIcon.app; sourceTree = BUILT_PRODUCTS_DIR; };
		F4BC228B1CC9BB3900C60C1B /* AppDelegate.swift */ = {isa = PBXFileReference; lastKnownFileType = sourcecode.swift; path = AppDelegate.swift; sourceTree = "<group>"; };
		F4BC22901CC9BB3900C60C1B /* Base */ = {isa = PBXFileReference; lastKnownFileType = file.storyboard; name = Base; path = Base.lproj/Main.storyboard; sourceTree = "<group>"; };
		F4BC22921CC9BB3900C60C1B /* Assets.xcassets */ = {isa = PBXFileReference; lastKnownFileType = folder.assetcatalog; path = Assets.xcassets; sourceTree = "<group>"; };
		F4BC22951CC9BB3900C60C1B /* Base */ = {isa = PBXFileReference; lastKnownFileType = file.storyboard; name = Base; path = Base.lproj/LaunchScreen.storyboard; sourceTree = "<group>"; };
		F4BC22971CC9BB3900C60C1B /* Info.plist */ = {isa = PBXFileReference; lastKnownFileType = text.plist.xml; path = Info.plist; sourceTree = "<group>"; };
		F4BC22A11CC9CB5400C60C1B /* MainCollectionViewCell.swift */ = {isa = PBXFileReference; fileEncoding = 4; lastKnownFileType = sourcecode.swift; path = MainCollectionViewCell.swift; sourceTree = "<group>"; };
		F4BC22A31CC9CBDC00C60C1B /* MainCollectionViewController.swift */ = {isa = PBXFileReference; fileEncoding = 4; lastKnownFileType = sourcecode.swift; path = MainCollectionViewController.swift; sourceTree = "<group>"; };
		F4BC22A51CC9D08A00C60C1B /* UIDialogBaseView.swift */ = {isa = PBXFileReference; fileEncoding = 4; lastKnownFileType = sourcecode.swift; path = UIDialogBaseView.swift; sourceTree = "<group>"; };
		F4BC22A71CC9D85600C60C1B /* UIDialogDetailView.swift */ = {isa = PBXFileReference; fileEncoding = 4; lastKnownFileType = sourcecode.swift; path = UIDialogDetailView.swift; sourceTree = "<group>"; };
		F4D2995E1CDF98D20053CFCB /* Base */ = {isa = PBXFileReference; lastKnownFileType = text.json; name = Base; path = Base.lproj/data.wash.json; sourceTree = "<group>"; };
		F4D299601CDF98D40053CFCB /* ru */ = {isa = PBXFileReference; lastKnownFileType = text.json; name = ru; path = ru.lproj/data.wash.json; sourceTree = "<group>"; };
		F4F7CAD01CCBAEA0000309A1 /* AppExtensions.swift */ = {isa = PBXFileReference; fileEncoding = 4; lastKnownFileType = sourcecode.swift; path = AppExtensions.swift; sourceTree = "<group>"; };
/* End PBXFileReference section */

/* Begin PBXFrameworksBuildPhase section */
		F4BC22851CC9BB3900C60C1B /* Frameworks */ = {
			isa = PBXFrameworksBuildPhase;
			buildActionMask = 2147483647;
			files = (
				F40E04C21CDF72E90092B51E /* iAd.framework in Frameworks */,
			);
			runOnlyForDeploymentPostprocessing = 0;
		};
/* End PBXFrameworksBuildPhase section */

/* Begin PBXGroup section */
		F4AE2EFC1CCD8882001258C1 /* UI */ = {
			isa = PBXGroup;
			children = (
				F4AE2F001CCD88B5001258C1 /* About */,
				F4AE2EFE1CCD889C001258C1 /* Dialog */,
				F4AE2EFD1CCD8887001258C1 /* MainView */,
			);
			name = UI;
			sourceTree = "<group>";
		};
		F4AE2EFD1CCD8887001258C1 /* MainView */ = {
			isa = PBXGroup;
			children = (
				F4BC22A11CC9CB5400C60C1B /* MainCollectionViewCell.swift */,
				F4BC22A31CC9CBDC00C60C1B /* MainCollectionViewController.swift */,
				F4AE2EFA1CCD7FB2001258C1 /* MainCollectionViewCellHeader.swift */,
			);
			name = MainView;
			sourceTree = "<group>";
		};
		F4AE2EFE1CCD889C001258C1 /* Dialog */ = {
			isa = PBXGroup;
			children = (
				F4BC22A51CC9D08A00C60C1B /* UIDialogBaseView.swift */,
				F4BC22A71CC9D85600C60C1B /* UIDialogDetailView.swift */,
			);
			name = Dialog;
			sourceTree = "<group>";
		};
		F4AE2EFF1CCD88AA001258C1 /* DataType */ = {
			isa = PBXGroup;
			children = (
				F4AE2EF21CCD2F13001258C1 /* ItemIcon.swift */,
			);
			name = DataType;
			sourceTree = "<group>";
		};
		F4AE2F001CCD88B5001258C1 /* About */ = {
			isa = PBXGroup;
			children = (
				F40E04BF1CDF63550092B51E /* AboutViewController.swift */,
			);
			name = About;
			sourceTree = "<group>";
		};
		F4AE2F011CCD88C4001258C1 /* Data */ = {
			isa = PBXGroup;
			children = (
				F4D2995F1CDF98D20053CFCB /* data.wash.json */,
			);
			name = Data;
			sourceTree = "<group>";
		};
		F4BC227F1CC9BB3900C60C1B = {
			isa = PBXGroup;
			children = (
				F40E04C11CDF72E90092B51E /* iAd.framework */,
				F4BC228A1CC9BB3900C60C1B /* WhatIcon */,
				F4BC22891CC9BB3900C60C1B /* Products */,
			);
			sourceTree = "<group>";
		};
		F4BC22891CC9BB3900C60C1B /* Products */ = {
			isa = PBXGroup;
			children = (
				F4BC22881CC9BB3900C60C1B /* WhatIcon.app */,
			);
			name = Products;
			sourceTree = "<group>";
		};
		F4BC228A1CC9BB3900C60C1B /* WhatIcon */ = {
			isa = PBXGroup;
			children = (
				F4AE2F011CCD88C4001258C1 /* Data */,
				F4AE2EFF1CCD88AA001258C1 /* DataType */,
				F4AE2EFC1CCD8882001258C1 /* UI */,
				F4BC228B1CC9BB3900C60C1B /* AppDelegate.swift */,
				F4BC228F1CC9BB3900C60C1B /* Main.storyboard */,
				F4BC22921CC9BB3900C60C1B /* Assets.xcassets */,
				F4BC22941CC9BB3900C60C1B /* LaunchScreen.storyboard */,
				F4BC22971CC9BB3900C60C1B /* Info.plist */,
				F4F7CAD01CCBAEA0000309A1 /* AppExtensions.swift */,
				F4AE2EF81CCD535B001258C1 /* Statics.swift */,
				F40E04C91CDF777C0092B51E /* Localizable.strings */,
			);
			path = WhatIcon;
			sourceTree = "<group>";
		};
/* End PBXGroup section */

/* Begin PBXNativeTarget section */
		F4BC22871CC9BB3900C60C1B /* WhatIcon */ = {
			isa = PBXNativeTarget;
			buildConfigurationList = F4BC229A1CC9BB3900C60C1B /* Build configuration list for PBXNativeTarget "WhatIcon" */;
			buildPhases = (
				F4BC22841CC9BB3900C60C1B /* Sources */,
				F4BC22851CC9BB3900C60C1B /* Frameworks */,
				F4BC22861CC9BB3900C60C1B /* Resources */,
			);
			buildRules = (
			);
			dependencies = (
			);
			name = WhatIcon;
			productName = WhatIcon;
			productReference = F4BC22881CC9BB3900C60C1B /* WhatIcon.app */;
			productType = "com.apple.product-type.application";
		};
/* End PBXNativeTarget section */

/* Begin PBXProject section */
		F4BC22801CC9BB3900C60C1B /* Project object */ = {
			isa = PBXProject;
			attributes = {
				LastSwiftUpdateCheck = 0730;
				LastUpgradeCheck = 0730;
				ORGANIZATIONNAME = "Dmitriy Poroshkov";
				TargetAttributes = {
					F4BC22871CC9BB3900C60C1B = {
						CreatedOnToolsVersion = 7.3;
						DevelopmentTeam = 5E7E77VZ3Z;
					};
				};
			};
			buildConfigurationList = F4BC22831CC9BB3900C60C1B /* Build configuration list for PBXProject "WhatIcon" */;
			compatibilityVersion = "Xcode 3.2";
			developmentRegion = English;
			hasScannedForEncodings = 0;
			knownRegions = (
				en,
				Base,
				ru,
			);
			mainGroup = F4BC227F1CC9BB3900C60C1B;
			productRefGroup = F4BC22891CC9BB3900C60C1B /* Products */;
			projectDirPath = "";
			projectRoot = "";
			targets = (
				F4BC22871CC9BB3900C60C1B /* WhatIcon */,
			);
		};
/* End PBXProject section */

/* Begin PBXResourcesBuildPhase section */
		F4BC22861CC9BB3900C60C1B /* Resources */ = {
			isa = PBXResourcesBuildPhase;
			buildActionMask = 2147483647;
			files = (
				F40E04C71CDF777C0092B51E /* Localizable.strings in Resources */,
				F4BC22961CC9BB3900C60C1B /* LaunchScreen.storyboard in Resources */,
				F4BC22931CC9BB3900C60C1B /* Assets.xcassets in Resources */,
				F4BC22911CC9BB3900C60C1B /* Main.storyboard in Resources */,
				F4D2995D1CDF98D20053CFCB /* data.wash.json in Resources */,
			);
			runOnlyForDeploymentPostprocessing = 0;
		};
/* End PBXResourcesBuildPhase section */

/* Begin PBXSourcesBuildPhase section */
		F4BC22841CC9BB3900C60C1B /* Sources */ = {
			isa = PBXSourcesBuildPhase;
			buildActionMask = 2147483647;
			files = (
				F4BC22A41CC9CBDC00C60C1B /* MainCollectionViewController.swift in Sources */,
				F4BC22A61CC9D08A00C60C1B /* UIDialogBaseView.swift in Sources */,
				F4BC22A81CC9D85600C60C1B /* UIDialogDetailView.swift in Sources */,
				F4BC228C1CC9BB3900C60C1B /* AppDelegate.swift in Sources */,
				F4BC22A21CC9CB5400C60C1B /* MainCollectionViewCell.swift in Sources */,
				F4AE2EF31CCD2F13001258C1 /* ItemIcon.swift in Sources */,
				F4AE2EF91CCD535B001258C1 /* Statics.swift in Sources */,
				F4AE2EFB1CCD7FB2001258C1 /* MainCollectionViewCellHeader.swift in Sources */,
				F40E04C01CDF63550092B51E /* AboutViewController.swift in Sources */,
				F4F7CAD11CCBAEA0000309A1 /* AppExtensions.swift in Sources */,
			);
			runOnlyForDeploymentPostprocessing = 0;
		};
/* End PBXSourcesBuildPhase section */

/* Begin PBXVariantGroup section */
		F40E04C91CDF777C0092B51E /* Localizable.strings */ = {
			isa = PBXVariantGroup;
			children = (
				F40E04C81CDF777C0092B51E /* Base */,
				F40E04CB1CDF77820092B51E /* ru */,
			);
			name = Localizable.strings;
			sourceTree = "<group>";
		};
		F4BC228F1CC9BB3900C60C1B /* Main.storyboard */ = {
			isa = PBXVariantGroup;
			children = (
				F4BC22901CC9BB3900C60C1B /* Base */,
				F40E04C31CDF76860092B51E /* ru */,
			);
			name = Main.storyboard;
			sourceTree = "<group>";
		};
		F4BC22941CC9BB3900C60C1B /* LaunchScreen.storyboard */ = {
			isa = PBXVariantGroup;
			children = (
				F4BC22951CC9BB3900C60C1B /* Base */,
				F40E04C41CDF76860092B51E /* ru */,
			);
			name = LaunchScreen.storyboard;
			sourceTree = "<group>";
		};
		F4D2995F1CDF98D20053CFCB /* data.wash.json */ = {
			isa = PBXVariantGroup;
			children = (
				F4D2995E1CDF98D20053CFCB /* Base */,
				F4D299601CDF98D40053CFCB /* ru */,
			);
			name = data.wash.json;
			sourceTree = "<group>";
		};
/* End PBXVariantGroup section */

/* Begin XCBuildConfiguration section */
		F4BC22981CC9BB3900C60C1B /* Debug */ = {
			isa = XCBuildConfiguration;
			buildSettings = {
				ALWAYS_SEARCH_USER_PATHS = NO;
				CLANG_ANALYZER_NONNULL = YES;
				CLANG_CXX_LANGUAGE_STANDARD = "gnu++0x";
				CLANG_CXX_LIBRARY = "libc++";
				CLANG_ENABLE_MODULES = YES;
				CLANG_ENABLE_OBJC_ARC = YES;
				CLANG_WARN_BOOL_CONVERSION = YES;
				CLANG_WARN_CONSTANT_CONVERSION = YES;
				CLANG_WARN_DIRECT_OBJC_ISA_USAGE = YES_ERROR;
				CLANG_WARN_EMPTY_BODY = YES;
				CLANG_WARN_ENUM_CONVERSION = YES;
				CLANG_WARN_INT_CONVERSION = YES;
				CLANG_WARN_OBJC_ROOT_CLASS = YES_ERROR;
				CLANG_WARN_UNREACHABLE_CODE = YES;
				CLANG_WARN__DUPLICATE_METHOD_MATCH = YES;
				"CODE_SIGN_IDENTITY[sdk=iphoneos*]" = "iPhone Developer";
				COPY_PHASE_STRIP = NO;
				DEBUG_INFORMATION_FORMAT = dwarf;
				ENABLE_STRICT_OBJC_MSGSEND = YES;
				ENABLE_TESTABILITY = YES;
				GCC_C_LANGUAGE_STANDARD = gnu99;
				GCC_DYNAMIC_NO_PIC = NO;
				GCC_NO_COMMON_BLOCKS = YES;
				GCC_OPTIMIZATION_LEVEL = 0;
				GCC_PREPROCESSOR_DEFINITIONS = (
					"DEBUG=1",
					"$(inherited)",
				);
				GCC_WARN_64_TO_32_BIT_CONVERSION = YES;
				GCC_WARN_ABOUT_RETURN_TYPE = YES_ERROR;
				GCC_WARN_UNDECLARED_SELECTOR = YES;
				GCC_WARN_UNINITIALIZED_AUTOS = YES_AGGRESSIVE;
				GCC_WARN_UNUSED_FUNCTION = YES;
				GCC_WARN_UNUSED_VARIABLE = YES;
				IPHONEOS_DEPLOYMENT_TARGET = 9.3;
				MTL_ENABLE_DEBUG_INFO = YES;
				ONLY_ACTIVE_ARCH = YES;
				SDKROOT = iphoneos;
				SWIFT_OPTIMIZATION_LEVEL = "-Onone";
				TARGETED_DEVICE_FAMILY = "1,2";
			};
			name = Debug;
		};
		F4BC22991CC9BB3900C60C1B /* Release */ = {
			isa = XCBuildConfiguration;
			buildSettings = {
				ALWAYS_SEARCH_USER_PATHS = NO;
				CLANG_ANALYZER_NONNULL = YES;
				CLANG_CXX_LANGUAGE_STANDARD = "gnu++0x";
				CLANG_CXX_LIBRARY = "libc++";
				CLANG_ENABLE_MODULES = YES;
				CLANG_ENABLE_OBJC_ARC = YES;
				CLANG_WARN_BOOL_CONVERSION = YES;
				CLANG_WARN_CONSTANT_CONVERSION = YES;
				CLANG_WARN_DIRECT_OBJC_ISA_USAGE = YES_ERROR;
				CLANG_WARN_EMPTY_BODY = YES;
				CLANG_WARN_ENUM_CONVERSION = YES;
				CLANG_WARN_INT_CONVERSION = YES;
				CLANG_WARN_OBJC_ROOT_CLASS = YES_ERROR;
				CLANG_WARN_UNREACHABLE_CODE = YES;
				CLANG_WARN__DUPLICATE_METHOD_MATCH = YES;
				"CODE_SIGN_IDENTITY[sdk=iphoneos*]" = "iPhone Developer";
				COPY_PHASE_STRIP = NO;
				DEBUG_INFORMATION_FORMAT = "dwarf-with-dsym";
				ENABLE_NS_ASSERTIONS = NO;
				ENABLE_STRICT_OBJC_MSGSEND = YES;
				GCC_C_LANGUAGE_STANDARD = gnu99;
				GCC_NO_COMMON_BLOCKS = YES;
				GCC_WARN_64_TO_32_BIT_CONVERSION = YES;
				GCC_WARN_ABOUT_RETURN_TYPE = YES_ERROR;
				GCC_WARN_UNDECLARED_SELECTOR = YES;
				GCC_WARN_UNINITIALIZED_AUTOS = YES_AGGRESSIVE;
				GCC_WARN_UNUSED_FUNCTION = YES;
				GCC_WARN_UNUSED_VARIABLE = YES;
				IPHONEOS_DEPLOYMENT_TARGET = 9.3;
				MTL_ENABLE_DEBUG_INFO = NO;
				SDKROOT = iphoneos;
				TARGETED_DEVICE_FAMILY = "1,2";
				VALIDATE_PRODUCT = YES;
			};
			name = Release;
		};
		F4BC229B1CC9BB3900C60C1B /* Debug */ = {
			isa = XCBuildConfiguration;
			buildSettings = {
				ASSETCATALOG_COMPILER_APPICON_NAME = AppIcon;
				CODE_SIGN_IDENTITY = "iPhone Developer";
				INFOPLIST_FILE = WhatIcon/Info.plist;
				IPHONEOS_DEPLOYMENT_TARGET = 9.0;
				LD_RUNPATH_SEARCH_PATHS = "$(inherited) @executable_path/Frameworks";
				PRODUCT_BUNDLE_IDENTIFIER = com.whaticon.app;
				PRODUCT_NAME = "$(TARGET_NAME)";
				TARGETED_DEVICE_FAMILY = 1;
			};
			name = Debug;
		};
		F4BC229C1CC9BB3900C60C1B /* Release */ = {
			isa = XCBuildConfiguration;
			buildSettings = {
				ASSETCATALOG_COMPILER_APPICON_NAME = AppIcon;
				CODE_SIGN_IDENTITY = "iPhone Developer";
				INFOPLIST_FILE = WhatIcon/Info.plist;
				IPHONEOS_DEPLOYMENT_TARGET = 9.0;
				LD_RUNPATH_SEARCH_PATHS = "$(inherited) @executable_path/Frameworks";
				PRODUCT_BUNDLE_IDENTIFIER = com.whaticon.app;
				PRODUCT_NAME = "$(TARGET_NAME)";
				TARGETED_DEVICE_FAMILY = 1;
			};
			name = Release;
		};
/* End XCBuildConfiguration section */

/* Begin XCConfigurationList section */
		F4BC22831CC9BB3900C60C1B /* Build configuration list for PBXProject "WhatIcon" */ = {
			isa = XCConfigurationList;
			buildConfigurations = (
				F4BC22981CC9BB3900C60C1B /* Debug */,
				F4BC22991CC9BB3900C60C1B /* Release */,
			);
			defaultConfigurationIsVisible = 0;
			defaultConfigurationName = Release;
		};
		F4BC229A1CC9BB3900C60C1B /* Build configuration list for PBXNativeTarget "WhatIcon" */ = {
			isa = XCConfigurationList;
			buildConfigurations = (
				F4BC229B1CC9BB3900C60C1B /* Debug */,
				F4BC229C1CC9BB3900C60C1B /* Release */,
			);
			defaultConfigurationIsVisible = 0;
			defaultConfigurationName = Release;
		};
/* End XCConfigurationList section */
	};
	rootObject = F4BC22801CC9BB3900C60C1B /* Project object */;
}
